<?xml version="1.0" encoding="utf-8"?>
<Project ToolsVersion="4.0" xmlns="http://schemas.microsoft.com/developer/msbuild/2003">
  <ItemGroup>
    <Filter Include="Source Files">
      <UniqueIdentifier>{4FC737F1-C7A5-4376-A066-2A32D752A2FF}</UniqueIdentifier>
      <Extensions>cpp;c;cc;cxx;def;odl;idl;hpj;bat;asm;asmx</Extensions>
    </Filter>
    <Filter Include="Header Files">
      <UniqueIdentifier>{93995380-89BD-4b04-88EB-625FBE52EBFB}</UniqueIdentifier>
      <Extensions>h;hpp;hxx;hm;inl;inc;xsd</Extensions>
    </Filter>
  </ItemGroup>
  <ItemGroup>
    <ClCompile Include="src\AssemblyInfo.cpp">
      <Filter>Source Files</Filter>
    </ClCompile>
    <ClCompile Include="src\pxcmimage.cpp">
      <Filter>Source Files</Filter>
    </ClCompile>
    <ClCompile Include="src\pxcmsession.cpp">
      <Filter>Source Files</Filter>
    </ClCompile>
    <ClCompile Include="src\pxcmaudio.cpp">
      <Filter>Source Files</Filter>
    </ClCompile>
    <ClCompile Include="src\pxcmaccelerator.cpp">
      <Filter>Source Files</Filter>
    </ClCompile>
    <ClCompile Include="src\pxcmscheduler.cpp">
      <Filter>Source Files</Filter>
    </ClCompile>
    <ClCompile Include="src\pxcmcapture.cpp">
      <Filter>Source Files</Filter>
    </ClCompile>
    <ClCompile Include="src\pxcmgesture.cpp">
      <Filter>Source Files</Filter>
    </ClCompile>
    <ClCompile Include="src\pxcmbase.cpp">
      <Filter>Source Files</Filter>
    </ClCompile>
    <ClCompile Include="src\pxcmface.cpp">
      <Filter>Source Files</Filter>
    </ClCompile>
    <ClCompile Include="src\pxcmmetadata.cpp">
      <Filter>Source Files</Filter>
    </ClCompile>
    <ClCompile Include="src\pxcmpowerstate.cpp">
      <Filter>Source Files</Filter>
    </ClCompile>
    <ClCompile Include="src\pxcmvoice.cpp">
      <Filter>Source Files</Filter>
    </ClCompile>
    <ClCompile Include="src\utilm_capture.cpp">
      <Filter>Source Files</Filter>
    </ClCompile>
    <ClCompile Include="src\utilm_capture_file.cpp">
      <Filter>Source Files</Filter>
    </ClCompile>
    <ClCompile Include="src\utilm_pipeline.cpp">
      <Filter>Source Files</Filter>
    </ClCompile>
    <ClCompile Include="..\..\..\sample\common\src\util_capture.cpp">
      <Filter>Source Files</Filter>
    </ClCompile>
    <ClCompile Include="..\..\..\sample\common\src\util_capture_file.cpp">
      <Filter>Source Files</Filter>
    </ClCompile>
    <ClCompile Include="..\..\..\sample\common\src\util_captureimpl.cpp">
      <Filter>Source Files</Filter>
    </ClCompile>
    <ClCompile Include="..\..\..\sample\common\src\util_pipeline_face.cpp">
      <Filter>Source Files</Filter>
    </ClCompile>
    <ClCompile Include="..\..\..\sample\common\src\util_pipeline_gesture.cpp">
      <Filter>Source Files</Filter>
    </ClCompile>
    <ClCompile Include="..\..\..\sample\common\src\util_pipeline_raw.cpp">
      <Filter>Source Files</Filter>
    </ClCompile>
    <ClCompile Include="..\..\..\sample\common\src\util_pipeline_voice.cpp">
      <Filter>Source Files</Filter>
    </ClCompile>
    <ClCompile Include="src\pxcmprojection.cpp">
      <Filter>Source Files</Filter>
    </ClCompile>
    <ClCompile Include="..\..\..\src\libpxc\libpxc.cpp">
      <Filter>Source Files</Filter>
    </ClCompile>
    <ClCompile Include="src\pxcmsegmentation.cpp">
      <Filter>Source Files</Filter>
    </ClCompile>
    <ClCompile Include="..\..\..\sample\common\src\util_pipeline_segmentation.cpp">
      <Filter>Source Files</Filter>
    </ClCompile>
  </ItemGroup>
  <ItemGroup>
    <ClInclude Include="include\pxcmaccelerator.h">
      <Filter>Header Files</Filter>
    </ClInclude>
    <ClInclude Include="include\pxcmaudio.h">
      <Filter>Header Files</Filter>
    </ClInclude>
    <ClInclude Include="include\pxcmbase.h">
      <Filter>Header Files</Filter>
    </ClInclude>
    <ClInclude Include="include\pxcmcapture.h">
      <Filter>Header Files</Filter>
    </ClInclude>
    <ClInclude Include="include\pxcmdefs.h">
      <Filter>Header Files</Filter>
    </ClInclude>
    <ClInclude Include="include\pxcmface.h">
      <Filter>Header Files</Filter>
    </ClInclude>
    <ClInclude Include="include\pxcmgesture.h">
      <Filter>Header Files</Filter>
    </ClInclude>
    <ClInclude Include="include\pxcmimage.h">
      <Filter>Header Files</Filter>
    </ClInclude>
    <ClInclude Include="include\pxcmmetadata.h">
      <Filter>Header Files</Filter>
    </ClInclude>
    <ClInclude Include="include\pxcmpowerstate.h">
      <Filter>Header Files</Filter>
    </ClInclude>
    <ClInclude Include="include\pxcmscheduler.h">
      <Filter>Header Files</Filter>
    </ClInclude>
    <ClInclude Include="include\pxcmsession.h">
      <Filter>Header Files</Filter>
    </ClInclude>
    <ClInclude Include="include\pxcmstatus.h">
      <Filter>Header Files</Filter>
    </ClInclude>
    <ClInclude Include="include\pxcmvoice.h">
      <Filter>Header Files</Filter>
    </ClInclude>
    <ClInclude Include="include\utilm_capture.h">
      <Filter>Header Files</Filter>
    </ClInclude>
    <ClInclude Include="include\utilm_capture_file.h">
      <Filter>Header Files</Filter>
    </ClInclude>
    <ClInclude Include="include\utilm_pipeline.h">
      <Filter>Header Files</Filter>
    </ClInclude>
    <ClInclude Include="resource.h">
      <Filter>Header Files</Filter>
    </ClInclude>
    <ClInclude Include="include\pxcmsegmentation.h">
      <Filter>Header Files</Filter>
    </ClInclude>
  </ItemGroup>
  <ItemGroup>
    <ResourceCompile Include="libpxcclr.rc" />
  </ItemGroup>
</Project>